
Microsoft Visual Studio Solution File, Format Version 12.00
# Visual Studio Version 17
VisualStudioVersion = 17.7.34024.191
MinimumVisualStudioVersion = 10.0.40219.1
Project("{8BC9CEB8-8B4A-11D0-8D11-00A0C91BC942}") = "Project1", "Project1\Project1.vcxproj", "{8B954B76-9D52-4EB6-BC7C-EF84390811FD}"
EndProject
Project("{8BC9CEB8-8B4A-11D0-8D11-00A0C91BC942}") = "Project2", "Project2\Project2.vcxproj", "{852CD8FD-1301-4050-81EE-20A5B058D856}"
EndProject
Project("{8BC9CEB8-8B4A-11D0-8D11-00A0C91BC942}") = "Project3", "Project3\Project3.vcxproj", "{E4E5F06E-F190-4517-B318-0A862620D461}"
EndProject
Project("{8BC9CEB8-8B4A-11D0-8D11-00A0C91BC942}") = "Project4", "Project4\Project4.vcxproj", "{DDC5BB4C-4CE5-44C1-BA0B-EDFA3A73F06D}"
EndProject
Project("{8BC9CEB8-8B4A-11D0-8D11-00A0C91BC942}") = "Project5", "Project5\Project5.vcxproj", "{4E39FAD9-E4A8-4747-BDC8-1E5425B629BF}"
EndProject
Project("{8BC9CEB8-8B4A-11D0-8D11-00A0C91BC942}") = "Project6", "Project6\Project6.vcxproj", "{059DA71A-33B6-4B32-97FE-E155DF998C59}"
EndProject
Global
	GlobalSection(SolutionConfigurationPlatforms) = preSolution
		Debug|x64 = Debug|x64
		Debug|x86 = Debug|x86
		Release|x64 = Release|x64
		Release|x86 = Release|x86
	EndGlobalSection
	GlobalSection(ProjectConfigurationPlatforms) = postSolution
		{8B954B76-9D52-4EB6-BC7C-EF84390811FD}.Debug|x64.ActiveCfg = Debug|x64
		{8B954B76-9D52-4EB6-BC7C-EF84390811FD}.Debug|x64.Build.0 = Debug|x64
		{8B954B76-9D52-4EB6-BC7C-EF84390811FD}.Debug|x86.ActiveCfg = Debug|Win32
		{8B954B76-9D52-4EB6-BC7C-EF84390811FD}.Debug|x86.Build.0 = Debug|Win32
		{8B954B76-9D52-4EB6-BC7C-EF84390811FD}.Release|x64.ActiveCfg = Release|x64
		{8B954B76-9D52-4EB6-BC7C-EF84390811FD}.Release|x64.Build.0 = Release|x64
		{8B954B76-9D52-4EB6-BC7C-EF84390811FD}.Release|x86.ActiveCfg = Release|Win32
		{8B954B76-9D52-4EB6-BC7C-EF84390811FD}.Release|x86.Build.0 = Release|Win32
		{852CD8FD-1301-4050-81EE-20A5B058D856}.Debug|x64.ActiveCfg = Debug|x64
		{852CD8FD-1301-4050-81EE-20A5B058D856}.Debug|x64.Build.0 = Debug|x64
		{852CD8FD-1301-4050-81EE-20A5B058D856}.Debug|x86.ActiveCfg = Debug|Win32
		{852CD8FD-1301-4050-81EE-20A5B058D856}.Debug|x86.Build.0 = Debug|Win32
		{852CD8FD-1301-4050-81EE-20A5B058D856}.Release|x64.ActiveCfg = Release|x64
		{852CD8FD-1301-4050-81EE-20A5B058D856}.Release|x64.Build.0 = Release|x64
		{852CD8FD-1301-4050-81EE-20A5B058D856}.Release|x86.ActiveCfg = Release|Win32
		{852CD8FD-1301-4050-81EE-20A5B058D856}.Release|x86.Build.0 = Release|Win32
		{E4E5F06E-F190-4517-B318-0A862620D461}.Debug|x64.ActiveCfg = Debug|x64
		{E4E5F06E-F190-4517-B318-0A862620D461}.Debug|x64.Build.0 = Debug|x64
		{E4E5F06E-F190-4517-B318-0A862620D461}.Debug|x86.ActiveCfg = Debug|Win32
		{E4E5F06E-F190-4517-B318-0A862620D461}.Debug|x86.Build.0 = Debug|Win32
		{E4E5F06E-F190-4517-B318-0A862620D461}.Release|x64.ActiveCfg = Release|x64
		{E4E5F06E-F190-4517-B318-0A862620D461}.Release|x64.Build.0 = Release|x64
		{E4E5F06E-F190-4517-B318-0A862620D461}.Release|x86.ActiveCfg = Release|Win32
		{E4E5F06E-F190-4517-B318-0A862620D461}.Release|x86.Build.0 = Release|Win32
		{DDC5BB4C-4CE5-44C1-BA0B-EDFA3A73F06D}.Debug|x64.ActiveCfg = Debug|x64
		{DDC5BB4C-4CE5-44C1-BA0B-EDFA3A73F06D}.Debug|x64.Build.0 = Debug|x64
		{DDC5BB4C-4CE5-44C1-BA0B-EDFA3A73F06D}.Debug|x86.ActiveCfg = Debug|Win32
		{DDC5BB4C-4CE5-44C1-BA0B-EDFA3A73F06D}.Debug|x86.Build.0 = Debug|Win32
		{DDC5BB4C-4CE5-44C1-BA0B-EDFA3A73F06D}.Release|x64.ActiveCfg = Release|x64
		{DDC5BB4C-4CE5-44C1-BA0B-EDFA3A73F06D}.Release|x64.Build.0 = Release|x64
		{DDC5BB4C-4CE5-44C1-BA0B-EDFA3A73F06D}.Release|x86.ActiveCfg = Release|Win32
		{DDC5BB4C-4CE5-44C1-BA0B-EDFA3A73F06D}.Release|x86.Build.0 = Release|Win32
		{4E39FAD9-E4A8-4747-BDC8-1E5425B629BF}.Debug|x64.ActiveCfg = Debug|x64
		{4E39FAD9-E4A8-4747-BDC8-1E5425B629BF}.Debug|x64.Build.0 = Debug|x64
		{4E39FAD9-E4A8-4747-BDC8-1E5425B629BF}.Debug|x86.ActiveCfg = Debug|Win32
		{4E39FAD9-E4A8-4747-BDC8-1E5425B629BF}.Debug|x86.Build.0 = Debug|Win32
		{4E39FAD9-E4A8-4747-BDC8-1E5425B629BF}.Release|x64.ActiveCfg = Release|x64
		{4E39FAD9-E4A8-4747-BDC8-1E5425B629BF}.Release|x64.Build.0 = Release|x64
		{4E39FAD9-E4A8-4747-BDC8-1E5425B629BF}.Release|x86.ActiveCfg = Release|Win32
		{4E39FAD9-E4A8-4747-BDC8-1E5425B629BF}.Release|x86.Build.0 = Release|Win32
		{059DA71A-33B6-4B32-97FE-E155DF998C59}.Debug|x64.ActiveCfg = Debug|x64
		{059DA71A-33B6-4B32-97FE-E155DF998C59}.Debug|x64.Build.0 = Debug|x64
		{059DA71A-33B6-4B32-97FE-E155DF998C59}.Debug|x86.ActiveCfg = Debug|Win32
		{059DA71A-33B6-4B32-97FE-E155DF998C59}.Debug|x86.Build.0 = Debug|Win32
		{059DA71A-33B6-4B32-97FE-E155DF998C59}.Release|x64.ActiveCfg = Release|x64
		{059DA71A-33B6-4B32-97FE-E155DF998C59}.Release|x64.Build.0 = Release|x64
		{059DA71A-33B6-4B32-97FE-E155DF998C59}.Release|x86.ActiveCfg = Release|Win32
		{059DA71A-33B6-4B32-97FE-E155DF998C59}.Release|x86.Build.0 = Release|Win32
	EndGlobalSection
	GlobalSection(SolutionProperties) = preSolution
		HideSolutionNode = FALSE
	EndGlobalSection
	GlobalSection(ExtensibilityGlobals) = postSolution
		SolutionGuid = {B3B702B0-D487-4D61-B6E0-E72F224E01FA}
	EndGlobalSection
EndGlobal
